
Microsoft Visual Studio Solution File, Format Version 12.00
# Visual Studio Version 16
VisualStudioVersion = 16.0.29613.14
MinimumVisualStudioVersion = 10.0.40219.1
Project("{FAE04EC0-301F-11D3-BF4B-00C04F79EFBC}") = "iTechArt.SchoolSchedule", "iTechArt.SchoolSchedule\iTechArt.SchoolSchedule.csproj", "{0C5A8376-2F37-4902-A253-59B728867E29}"
EndProject
Project("{FAE04EC0-301F-11D3-BF4B-00C04F79EFBC}") = "iTechArt.Common", "iTechArt.Common\iTechArt.Common\iTechArt.Common.csproj", "{34158C53-3F1A-49F2-ABA5-8A67889A1481}"
EndProject
Project("{FAE04EC0-301F-11D3-BF4B-00C04F79EFBC}") = "iTechArt.Repositories", "iTechArt.Repositories\iTechArt.Repositories\iTechArt.Repositories.csproj", "{EF6FA8F4-97D7-4D4E-9771-91FA40CE865B}"
EndProject
Global
	GlobalSection(SolutionConfigurationPlatforms) = preSolution
		Debug|Any CPU = Debug|Any CPU
		Release|Any CPU = Release|Any CPU
	EndGlobalSection
	GlobalSection(ProjectConfigurationPlatforms) = postSolution
		{0C5A8376-2F37-4902-A253-59B728867E29}.Debug|Any CPU.ActiveCfg = Debug|Any CPU
		{0C5A8376-2F37-4902-A253-59B728867E29}.Debug|Any CPU.Build.0 = Debug|Any CPU
		{0C5A8376-2F37-4902-A253-59B728867E29}.Release|Any CPU.ActiveCfg = Release|Any CPU
		{0C5A8376-2F37-4902-A253-59B728867E29}.Release|Any CPU.Build.0 = Release|Any CPU
		{34158C53-3F1A-49F2-ABA5-8A67889A1481}.Debug|Any CPU.ActiveCfg = Debug|Any CPU
		{34158C53-3F1A-49F2-ABA5-8A67889A1481}.Debug|Any CPU.Build.0 = Debug|Any CPU
		{34158C53-3F1A-49F2-ABA5-8A67889A1481}.Release|Any CPU.ActiveCfg = Release|Any CPU
		{34158C53-3F1A-49F2-ABA5-8A67889A1481}.Release|Any CPU.Build.0 = Release|Any CPU
		{EF6FA8F4-97D7-4D4E-9771-91FA40CE865B}.Debug|Any CPU.ActiveCfg = Debug|Any CPU
		{EF6FA8F4-97D7-4D4E-9771-91FA40CE865B}.Debug|Any CPU.Build.0 = Debug|Any CPU
		{EF6FA8F4-97D7-4D4E-9771-91FA40CE865B}.Release|Any CPU.ActiveCfg = Release|Any CPU
		{EF6FA8F4-97D7-4D4E-9771-91FA40CE865B}.Release|Any CPU.Build.0 = Release|Any CPU
	EndGlobalSection
	GlobalSection(SolutionProperties) = preSolution
		HideSolutionNode = FALSE
	EndGlobalSection
	GlobalSection(ExtensibilityGlobals) = postSolution
		SolutionGuid = {82A10DAB-24A3-48C1-B361-0F2A1786F25B}
	EndGlobalSection
EndGlobal
